{
  "name": "bsky-usd-to-brl-bot",
  "lockfileVersion": 3,
  "requires": true,
  "packages": {
    "": {
      "dependencies": {
        "@atproto/api": "^0.14.9"
      }
    },
    "node_modules/@atproto/api": {
      "version": "0.14.9",
      "resolved": "https://registry.npmjs.org/@atproto/api/-/api-0.14.9.tgz",
      "integrity": "sha512-9S7Vl6gK8hmy0+Gw5AWriUsQfQYZxwW7yTK5UdPPGlmjvQP49YeSLrsxB1ZkTyrlLSG2tpYrGsN4vco6KOORAQ==",
      "license": "MIT",
      "dependencies": {
        "@atproto/common-web": "^0.4.0",
        "@atproto/lexicon": "^0.4.8",
        "@atproto/syntax": "^0.3.4",
        "@atproto/xrpc": "^0.6.10",
        "await-lock": "^2.2.2",
        "multiformats": "^9.9.0",
        "tlds": "^1.234.0",
        "zod": "^3.23.8"
      }
    },
    "node_modules/@atproto/common-web": {
      "version": "0.4.0",
      "resolved": "https://registry.npmjs.org/@atproto/common-web/-/common-web-0.4.0.tgz",
      "integrity": "sha512-ZYL0P9myHybNgwh/hBY0HaBzqiLR1B5/ie5bJpLQAg0whRzNA28t8/nU2vh99tbsWcAF0LOD29M8++LyENJLNQ==",
      "license": "MIT",
      "dependencies": {
        "graphemer": "^1.4.0",
        "multiformats": "^9.9.0",
        "uint8arrays": "3.0.0",
        "zod": "^3.23.8"
      }
    },
    "node_modules/@atproto/lexicon": {
      "version": "0.4.8",
      "resolved": "https://registry.npmjs.org/@atproto/lexicon/-/lexicon-0.4.8.tgz",
      "integrity": "sha512-NPhu4MNHqft4muvHvcU0BrkWoEpTI+OmbQzvZzzRpw54MW3PfrQ4TPEpAfPOrWugPB9y4mD+l8OMN1c9eOGWMQ==",
      "license": "MIT",
      "dependencies": {
        "@atproto/common-web": "^0.4.0",
        "@atproto/syntax": "^0.3.4",
        "iso-datestring-validator": "^2.2.2",
        "multiformats": "^9.9.0",
        "zod": "^3.23.8"
      }
    },
    "node_modules/@atproto/syntax": {
      "version": "0.3.4",
      "resolved": "https://registry.npmjs.org/@atproto/syntax/-/syntax-0.3.4.tgz",
      "integrity": "sha512-8CNmi5DipOLaVeSMPggMe7FCksVag0aO6XZy9WflbduTKM4dFZVCs4686UeMLfGRXX+X966XgwECHoLYrovMMg==",
      "license": "MIT"
    },
    "node_modules/@atproto/xrpc": {
      "version": "0.6.10",
      "resolved": "https://registry.npmjs.org/@atproto/xrpc/-/xrpc-0.6.10.tgz",
      "integrity": "sha512-ClMiO+oAl3KrFe7sdo8Wzw81yV7EpEradZLJnYilPq4s7uF0by1jHGI/LarHBKHnE5RpaFpBC/5XD/ZzgmvAeg==",
      "license": "MIT",
      "dependencies": {
        "@atproto/lexicon": "^0.4.8",
        "zod": "^3.23.8"
      }
    },
    "node_modules/await-lock": {
      "version": "2.2.2",
      "resolved": "https://registry.npmjs.org/await-lock/-/await-lock-2.2.2.tgz",
      "integrity": "sha512-aDczADvlvTGajTDjcjpJMqRkOF6Qdz3YbPZm/PyW6tKPkx2hlYBzxMhEywM/tU72HrVZjgl5VCdRuMlA7pZ8Gw==",
      "license": "MIT"
    },
    "node_modules/graphemer": {
      "version": "1.4.0",
      "resolved": "https://registry.npmjs.org/graphemer/-/graphemer-1.4.0.tgz",
      "integrity": "sha512-EtKwoO6kxCL9WO5xipiHTZlSzBm7WLT627TqC/uVRd0HKmq8NXyebnNYxDoBi7wt8eTWrUrKXCOVaFq9x1kgag==",
      "license": "MIT"
    },
    "node_modules/iso-datestring-validator": {
      "version": "2.2.2",
      "resolved": "https://registry.npmjs.org/iso-datestring-validator/-/iso-datestring-validator-2.2.2.tgz",
      "integrity": "sha512-yLEMkBbLZTlVQqOnQ4FiMujR6T4DEcCb1xizmvXS+OxuhwcbtynoosRzdMA69zZCShCNAbi+gJ71FxZBBXx1SA==",
      "license": "MIT"
    },
    "node_modules/multiformats": {
      "version": "9.9.0",
      "resolved": "https://registry.npmjs.org/multiformats/-/multiformats-9.9.0.tgz",
      "integrity": "sha512-HoMUjhH9T8DDBNT+6xzkrd9ga/XiBI4xLr58LJACwK6G3HTOPeMz4nB4KJs33L2BelrIJa7P0VuNaVF3hMYfjg==",
      "license": "(Apache-2.0 AND MIT)"
    },
    "node_modules/tlds": {
      "version": "1.256.0",
      "resolved": "https://registry.npmjs.org/tlds/-/tlds-1.256.0.tgz",
      "integrity": "sha512-ZmyVB9DAw+FFTmLElGYJgdZFsKLYd/I59Bg9NHkCGPwAbVZNRilFWDMAdX8UG+bHuv7kfursd5XGqo/9wi26lA==",
      "license": "MIT",
      "bin": {
        "tlds": "bin.js"
      }
    },
    "node_modules/uint8arrays": {
      "version": "3.0.0",
      "resolved": "https://registry.npmjs.org/uint8arrays/-/uint8arrays-3.0.0.tgz",
      "integrity": "sha512-HRCx0q6O9Bfbp+HHSfQQKD7wU70+lydKVt4EghkdOvlK/NlrF90z+eXV34mUd48rNvVJXwkrMSPpCATkct8fJA==",
      "license": "MIT",
      "dependencies": {
        "multiformats": "^9.4.2"
      }
    },
    "node_modules/zod": {
      "version": "3.24.2",
      "resolved": "https://registry.npmjs.org/zod/-/zod-3.24.2.tgz",
      "integrity": "sha512-lY7CDW43ECgW9u1TcT3IoXHflywfVqDYze4waEz812jR/bZ8FHDsl7pFQoSZTz5N+2NqRXs8GBwnAwo3ZNxqhQ==",
      "license": "MIT",
      "funding": {
        "url": "https://github.com/sponsors/colinhacks"
      }
    }
  }
}
